
Microsoft Visual Studio Solution File, Format Version 12.00
# Visual Studio Version 17
VisualStudioVersion = 17.9.34723.18
MinimumVisualStudioVersion = 10.0.40219.1
Project("{FAE04EC0-301F-11D3-BF4B-00C04F79EFBC}") = "proiect57", "proiect57\proiect57.csproj", "{BC1A99BC-FBF3-4182-9715-633F10F7B304}"
EndProject
Global
	GlobalSection(SolutionConfigurationPlatforms) = preSolution
		Debug|Any CPU = Debug|Any CPU
		Release|Any CPU = Release|Any CPU
	EndGlobalSection
	GlobalSection(ProjectConfigurationPlatforms) = postSolution
		{BC1A99BC-FBF3-4182-9715-633F10F7B304}.Debug|Any CPU.ActiveCfg = Debug|Any CPU
		{BC1A99BC-FBF3-4182-9715-633F10F7B304}.Debug|Any CPU.Build.0 = Debug|Any CPU
		{BC1A99BC-FBF3-4182-9715-633F10F7B304}.Release|Any CPU.ActiveCfg = Release|Any CPU
		{BC1A99BC-FBF3-4182-9715-633F10F7B304}.Release|Any CPU.Build.0 = Release|Any CPU
	EndGlobalSection
	GlobalSection(SolutionProperties) = preSolution
		HideSolutionNode = FALSE
	EndGlobalSection
	GlobalSection(ExtensibilityGlobals) = postSolution
		SolutionGuid = {D35D63F2-AAE2-4BED-BE76-291C4F58FCD3}
	EndGlobalSection
EndGlobal
